
Microsoft Visual Studio Solution File, Format Version 12.00
# Visual Studio Version 17
VisualStudioVersion = 17.5.002.0
MinimumVisualStudioVersion = 10.0.40219.1
Project("{2150E333-8FDC-42A3-9474-1A3956D46DE8}") = "prepare", "prepare", "{9FD54272-6459-441F-BEA5-982723FC5EB3}"
EndProject
Project("{9A19103F-16F7-4668-BE54-9A1E7A4F7556}") = "Learning02", "prepare\Learning02\Learning02.csproj", "{7EBC78E6-6CBE-406B-9F4E-7356804BCD28}"
EndProject
Project("{9A19103F-16F7-4668-BE54-9A1E7A4F7556}") = "Learning05", "prepare\Learning05\Learning05.csproj", "{335A2EA3-3FA6-4FD7-9B8A-A0DC289798F3}"
EndProject
Project("{9A19103F-16F7-4668-BE54-9A1E7A4F7556}") = "Learning04", "prepare\Learning04\Learning04.csproj", "{4DEAC0C4-2B4A-4CE6-BFF6-5C13B4FD7475}"
EndProject
Project("{9A19103F-16F7-4668-BE54-9A1E7A4F7556}") = "Learning03", "prepare\Learning03\Learning03.csproj", "{AECC950C-A122-42D4-A2AA-8AEE63C78A74}"
EndProject
Project("{2150E333-8FDC-42A3-9474-1A3956D46DE8}") = "prove", "prove", "{8A3A5ED7-CA6F-4AE6-8F03-17B9AC50C843}"
EndProject
Project("{9A19103F-16F7-4668-BE54-9A1E7A4F7556}") = "Develop03", "prove\Develop03\Develop03.csproj", "{A7536BDF-6CEA-474F-9D44-C1AA195C900A}"
EndProject
Project("{9A19103F-16F7-4668-BE54-9A1E7A4F7556}") = "Develop04", "prove\Develop04\Develop04.csproj", "{8CA0D1EF-B3CB-43C6-B2EB-C66490D78231}"
EndProject
Project("{9A19103F-16F7-4668-BE54-9A1E7A4F7556}") = "Develop05", "prove\Develop05\Develop05.csproj", "{072E94E1-CE9C-46AC-A779-41A7EB3E65BF}"
EndProject
Project("{9A19103F-16F7-4668-BE54-9A1E7A4F7556}") = "Develop02", "prove\Develop02\Develop02.csproj", "{02691EDF-E033-4179-A1D1-1198C8810B21}"
EndProject
Project("{2150E333-8FDC-42A3-9474-1A3956D46DE8}") = "sandbox", "sandbox", "{907660A2-F797-4299-9D14-003D57D99A67}"
EndProject
Project("{9A19103F-16F7-4668-BE54-9A1E7A4F7556}") = "Sandbox", "sandbox\Sandbox\Sandbox.csproj", "{2325725D-FB17-4521-8B5F-2B227E744CA8}"
EndProject
Project("{2150E333-8FDC-42A3-9474-1A3956D46DE8}") = "final", "final", "{7FEA17F3-489F-411A-A1A1-C0F30B1A1A16}"
EndProject
Project("{9A19103F-16F7-4668-BE54-9A1E7A4F7556}") = "FinalProject", "final\FinalProject\FinalProject.csproj", "{30C8C618-6C7F-47D0-BB65-4AA6FDC9135C}"
EndProject
Project("{9A19103F-16F7-4668-BE54-9A1E7A4F7556}") = "Foundation1", "final\Foundation1\Foundation1.csproj", "{2E0D6FEA-5E4E-4CA8-8989-C7A67DD7D9F1}"
EndProject
Project("{9A19103F-16F7-4668-BE54-9A1E7A4F7556}") = "Foundation4", "final\Foundation4\Foundation4.csproj", "{D0747281-6F14-4059-8146-D25486265586}"
EndProject
Project("{9A19103F-16F7-4668-BE54-9A1E7A4F7556}") = "Foundation3", "final\Foundation3\Foundation3.csproj", "{A87FE4AC-6F36-4AD8-B2E2-EF43429ABCC4}"
EndProject
Project("{9A19103F-16F7-4668-BE54-9A1E7A4F7556}") = "Foundation2", "final\Foundation2\Foundation2.csproj", "{5A47A461-BFFD-40D7-B680-343A48CA6A01}"
EndProject
Project("{2150E333-8FDC-42A3-9474-1A3956D46DE8}") = "csharp-prep", "csharp-prep", "{E252E6BE-3BDA-4FF4-9408-1283BEA4079C}"
EndProject
Project("{9A19103F-16F7-4668-BE54-9A1E7A4F7556}") = "Prep1", "csharp-prep\Prep1\Prep1.csproj", "{66627FE8-4E73-47D8-8AA3-F5B747E21389}"
EndProject
Project("{9A19103F-16F7-4668-BE54-9A1E7A4F7556}") = "Prep5", "csharp-prep\Prep5\Prep5.csproj", "{8991ACBA-F881-4D4D-B46D-96675411C16E}"
EndProject
Project("{9A19103F-16F7-4668-BE54-9A1E7A4F7556}") = "Prep2", "csharp-prep\Prep2\Prep2.csproj", "{729FA8EE-7FA7-4F44-994F-1B6D4CDE0CF8}"
EndProject
Project("{9A19103F-16F7-4668-BE54-9A1E7A4F7556}") = "Prep3", "csharp-prep\Prep3\Prep3.csproj", "{C11C8D11-8B08-484B-B0DE-2927BADBBC66}"
EndProject
Project("{9A19103F-16F7-4668-BE54-9A1E7A4F7556}") = "Prep4", "csharp-prep\Prep4\Prep4.csproj", "{FF25D0F0-F87D-437F-B407-72D2FE7EDC65}"
EndProject
Global
	GlobalSection(SolutionConfigurationPlatforms) = preSolution
		Debug|Any CPU = Debug|Any CPU
		Release|Any CPU = Release|Any CPU
	EndGlobalSection
	GlobalSection(ProjectConfigurationPlatforms) = postSolution
		{7EBC78E6-6CBE-406B-9F4E-7356804BCD28}.Debug|Any CPU.ActiveCfg = Debug|Any CPU
		{7EBC78E6-6CBE-406B-9F4E-7356804BCD28}.Debug|Any CPU.Build.0 = Debug|Any CPU
		{7EBC78E6-6CBE-406B-9F4E-7356804BCD28}.Release|Any CPU.ActiveCfg = Release|Any CPU
		{7EBC78E6-6CBE-406B-9F4E-7356804BCD28}.Release|Any CPU.Build.0 = Release|Any CPU
		{335A2EA3-3FA6-4FD7-9B8A-A0DC289798F3}.Debug|Any CPU.ActiveCfg = Debug|Any CPU
		{335A2EA3-3FA6-4FD7-9B8A-A0DC289798F3}.Debug|Any CPU.Build.0 = Debug|Any CPU
		{335A2EA3-3FA6-4FD7-9B8A-A0DC289798F3}.Release|Any CPU.ActiveCfg = Release|Any CPU
		{335A2EA3-3FA6-4FD7-9B8A-A0DC289798F3}.Release|Any CPU.Build.0 = Release|Any CPU
		{4DEAC0C4-2B4A-4CE6-BFF6-5C13B4FD7475}.Debug|Any CPU.ActiveCfg = Debug|Any CPU
		{4DEAC0C4-2B4A-4CE6-BFF6-5C13B4FD7475}.Debug|Any CPU.Build.0 = Debug|Any CPU
		{4DEAC0C4-2B4A-4CE6-BFF6-5C13B4FD7475}.Release|Any CPU.ActiveCfg = Release|Any CPU
		{4DEAC0C4-2B4A-4CE6-BFF6-5C13B4FD7475}.Release|Any CPU.Build.0 = Release|Any CPU
		{AECC950C-A122-42D4-A2AA-8AEE63C78A74}.Debug|Any CPU.ActiveCfg = Debug|Any CPU
		{AECC950C-A122-42D4-A2AA-8AEE63C78A74}.Debug|Any CPU.Build.0 = Debug|Any CPU
		{AECC950C-A122-42D4-A2AA-8AEE63C78A74}.Release|Any CPU.ActiveCfg = Release|Any CPU
		{AECC950C-A122-42D4-A2AA-8AEE63C78A74}.Release|Any CPU.Build.0 = Release|Any CPU
		{A7536BDF-6CEA-474F-9D44-C1AA195C900A}.Debug|Any CPU.ActiveCfg = Debug|Any CPU
		{A7536BDF-6CEA-474F-9D44-C1AA195C900A}.Debug|Any CPU.Build.0 = Debug|Any CPU
		{A7536BDF-6CEA-474F-9D44-C1AA195C900A}.Release|Any CPU.ActiveCfg = Release|Any CPU
		{A7536BDF-6CEA-474F-9D44-C1AA195C900A}.Release|Any CPU.Build.0 = Release|Any CPU
		{8CA0D1EF-B3CB-43C6-B2EB-C66490D78231}.Debug|Any CPU.ActiveCfg = Debug|Any CPU
		{8CA0D1EF-B3CB-43C6-B2EB-C66490D78231}.Debug|Any CPU.Build.0 = Debug|Any CPU
		{8CA0D1EF-B3CB-43C6-B2EB-C66490D78231}.Release|Any CPU.ActiveCfg = Release|Any CPU
		{8CA0D1EF-B3CB-43C6-B2EB-C66490D78231}.Release|Any CPU.Build.0 = Release|Any CPU
		{072E94E1-CE9C-46AC-A779-41A7EB3E65BF}.Debug|Any CPU.ActiveCfg = Debug|Any CPU
		{072E94E1-CE9C-46AC-A779-41A7EB3E65BF}.Debug|Any CPU.Build.0 = Debug|Any CPU
		{072E94E1-CE9C-46AC-A779-41A7EB3E65BF}.Release|Any CPU.ActiveCfg = Release|Any CPU
		{072E94E1-CE9C-46AC-A779-41A7EB3E65BF}.Release|Any CPU.Build.0 = Release|Any CPU
		{02691EDF-E033-4179-A1D1-1198C8810B21}.Debug|Any CPU.ActiveCfg = Debug|Any CPU
		{02691EDF-E033-4179-A1D1-1198C8810B21}.Debug|Any CPU.Build.0 = Debug|Any CPU
		{02691EDF-E033-4179-A1D1-1198C8810B21}.Release|Any CPU.ActiveCfg = Release|Any CPU
		{02691EDF-E033-4179-A1D1-1198C8810B21}.Release|Any CPU.Build.0 = Release|Any CPU
		{2325725D-FB17-4521-8B5F-2B227E744CA8}.Debug|Any CPU.ActiveCfg = Debug|Any CPU
		{2325725D-FB17-4521-8B5F-2B227E744CA8}.Debug|Any CPU.Build.0 = Debug|Any CPU
		{2325725D-FB17-4521-8B5F-2B227E744CA8}.Release|Any CPU.ActiveCfg = Release|Any CPU
		{2325725D-FB17-4521-8B5F-2B227E744CA8}.Release|Any CPU.Build.0 = Release|Any CPU
		{30C8C618-6C7F-47D0-BB65-4AA6FDC9135C}.Debug|Any CPU.ActiveCfg = Debug|Any CPU
		{30C8C618-6C7F-47D0-BB65-4AA6FDC9135C}.Debug|Any CPU.Build.0 = Debug|Any CPU
		{30C8C618-6C7F-47D0-BB65-4AA6FDC9135C}.Release|Any CPU.ActiveCfg = Release|Any CPU
		{30C8C618-6C7F-47D0-BB65-4AA6FDC9135C}.Release|Any CPU.Build.0 = Release|Any CPU
		{2E0D6FEA-5E4E-4CA8-8989-C7A67DD7D9F1}.Debug|Any CPU.ActiveCfg = Debug|Any CPU
		{2E0D6FEA-5E4E-4CA8-8989-C7A67DD7D9F1}.Debug|Any CPU.Build.0 = Debug|Any CPU
		{2E0D6FEA-5E4E-4CA8-8989-C7A67DD7D9F1}.Release|Any CPU.ActiveCfg = Release|Any CPU
		{2E0D6FEA-5E4E-4CA8-8989-C7A67DD7D9F1}.Release|Any CPU.Build.0 = Release|Any CPU
		{D0747281-6F14-4059-8146-D25486265586}.Debug|Any CPU.ActiveCfg = Debug|Any CPU
		{D0747281-6F14-4059-8146-D25486265586}.Debug|Any CPU.Build.0 = Debug|Any CPU
		{D0747281-6F14-4059-8146-D25486265586}.Release|Any CPU.ActiveCfg = Release|Any CPU
		{D0747281-6F14-4059-8146-D25486265586}.Release|Any CPU.Build.0 = Release|Any CPU
		{A87FE4AC-6F36-4AD8-B2E2-EF43429ABCC4}.Debug|Any CPU.ActiveCfg = Debug|Any CPU
		{A87FE4AC-6F36-4AD8-B2E2-EF43429ABCC4}.Debug|Any CPU.Build.0 = Debug|Any CPU
		{A87FE4AC-6F36-4AD8-B2E2-EF43429ABCC4}.Release|Any CPU.ActiveCfg = Release|Any CPU
		{A87FE4AC-6F36-4AD8-B2E2-EF43429ABCC4}.Release|Any CPU.Build.0 = Release|Any CPU
		{5A47A461-BFFD-40D7-B680-343A48CA6A01}.Debug|Any CPU.ActiveCfg = Debug|Any CPU
		{5A47A461-BFFD-40D7-B680-343A48CA6A01}.Debug|Any CPU.Build.0 = Debug|Any CPU
		{5A47A461-BFFD-40D7-B680-343A48CA6A01}.Release|Any CPU.ActiveCfg = Release|Any CPU
		{5A47A461-BFFD-40D7-B680-343A48CA6A01}.Release|Any CPU.Build.0 = Release|Any CPU
		{66627FE8-4E73-47D8-8AA3-F5B747E21389}.Debug|Any CPU.ActiveCfg = Debug|Any CPU
		{66627FE8-4E73-47D8-8AA3-F5B747E21389}.Debug|Any CPU.Build.0 = Debug|Any CPU
		{66627FE8-4E73-47D8-8AA3-F5B747E21389}.Release|Any CPU.ActiveCfg = Release|Any CPU
		{66627FE8-4E73-47D8-8AA3-F5B747E21389}.Release|Any CPU.Build.0 = Release|Any CPU
		{8991ACBA-F881-4D4D-B46D-96675411C16E}.Debug|Any CPU.ActiveCfg = Debug|Any CPU
		{8991ACBA-F881-4D4D-B46D-96675411C16E}.Debug|Any CPU.Build.0 = Debug|Any CPU
		{8991ACBA-F881-4D4D-B46D-96675411C16E}.Release|Any CPU.ActiveCfg = Release|Any CPU
		{8991ACBA-F881-4D4D-B46D-96675411C16E}.Release|Any CPU.Build.0 = Release|Any CPU
		{729FA8EE-7FA7-4F44-994F-1B6D4CDE0CF8}.Debug|Any CPU.ActiveCfg = Debug|Any CPU
		{729FA8EE-7FA7-4F44-994F-1B6D4CDE0CF8}.Debug|Any CPU.Build.0 = Debug|Any CPU
		{729FA8EE-7FA7-4F44-994F-1B6D4CDE0CF8}.Release|Any CPU.ActiveCfg = Release|Any CPU
		{729FA8EE-7FA7-4F44-994F-1B6D4CDE0CF8}.Release|Any CPU.Build.0 = Release|Any CPU
		{C11C8D11-8B08-484B-B0DE-2927BADBBC66}.Debug|Any CPU.ActiveCfg = Debug|Any CPU
		{C11C8D11-8B08-484B-B0DE-2927BADBBC66}.Debug|Any CPU.Build.0 = Debug|Any CPU
		{C11C8D11-8B08-484B-B0DE-2927BADBBC66}.Release|Any CPU.ActiveCfg = Release|Any CPU
		{C11C8D11-8B08-484B-B0DE-2927BADBBC66}.Release|Any CPU.Build.0 = Release|Any CPU
		{FF25D0F0-F87D-437F-B407-72D2FE7EDC65}.Debug|Any CPU.ActiveCfg = Debug|Any CPU
		{FF25D0F0-F87D-437F-B407-72D2FE7EDC65}.Debug|Any CPU.Build.0 = Debug|Any CPU
		{FF25D0F0-F87D-437F-B407-72D2FE7EDC65}.Release|Any CPU.ActiveCfg = Release|Any CPU
		{FF25D0F0-F87D-437F-B407-72D2FE7EDC65}.Release|Any CPU.Build.0 = Release|Any CPU
	EndGlobalSection
	GlobalSection(SolutionProperties) = preSolution
		HideSolutionNode = FALSE
	EndGlobalSection
	GlobalSection(NestedProjects) = preSolution
		{7EBC78E6-6CBE-406B-9F4E-7356804BCD28} = {9FD54272-6459-441F-BEA5-982723FC5EB3}
		{335A2EA3-3FA6-4FD7-9B8A-A0DC289798F3} = {9FD54272-6459-441F-BEA5-982723FC5EB3}
		{4DEAC0C4-2B4A-4CE6-BFF6-5C13B4FD7475} = {9FD54272-6459-441F-BEA5-982723FC5EB3}
		{AECC950C-A122-42D4-A2AA-8AEE63C78A74} = {9FD54272-6459-441F-BEA5-982723FC5EB3}
		{A7536BDF-6CEA-474F-9D44-C1AA195C900A} = {8A3A5ED7-CA6F-4AE6-8F03-17B9AC50C843}
		{8CA0D1EF-B3CB-43C6-B2EB-C66490D78231} = {8A3A5ED7-CA6F-4AE6-8F03-17B9AC50C843}
		{072E94E1-CE9C-46AC-A779-41A7EB3E65BF} = {8A3A5ED7-CA6F-4AE6-8F03-17B9AC50C843}
		{02691EDF-E033-4179-A1D1-1198C8810B21} = {8A3A5ED7-CA6F-4AE6-8F03-17B9AC50C843}
		{2325725D-FB17-4521-8B5F-2B227E744CA8} = {907660A2-F797-4299-9D14-003D57D99A67}
		{30C8C618-6C7F-47D0-BB65-4AA6FDC9135C} = {7FEA17F3-489F-411A-A1A1-C0F30B1A1A16}
		{2E0D6FEA-5E4E-4CA8-8989-C7A67DD7D9F1} = {7FEA17F3-489F-411A-A1A1-C0F30B1A1A16}
		{D0747281-6F14-4059-8146-D25486265586} = {7FEA17F3-489F-411A-A1A1-C0F30B1A1A16}
		{A87FE4AC-6F36-4AD8-B2E2-EF43429ABCC4} = {7FEA17F3-489F-411A-A1A1-C0F30B1A1A16}
		{5A47A461-BFFD-40D7-B680-343A48CA6A01} = {7FEA17F3-489F-411A-A1A1-C0F30B1A1A16}
		{66627FE8-4E73-47D8-8AA3-F5B747E21389} = {E252E6BE-3BDA-4FF4-9408-1283BEA4079C}
		{8991ACBA-F881-4D4D-B46D-96675411C16E} = {E252E6BE-3BDA-4FF4-9408-1283BEA4079C}
		{729FA8EE-7FA7-4F44-994F-1B6D4CDE0CF8} = {E252E6BE-3BDA-4FF4-9408-1283BEA4079C}
		{C11C8D11-8B08-484B-B0DE-2927BADBBC66} = {E252E6BE-3BDA-4FF4-9408-1283BEA4079C}
		{FF25D0F0-F87D-437F-B407-72D2FE7EDC65} = {E252E6BE-3BDA-4FF4-9408-1283BEA4079C}
	EndGlobalSection
	GlobalSection(ExtensibilityGlobals) = postSolution
		SolutionGuid = {69420656-1FB2-47C3-99B2-349EB1A09021}
	EndGlobalSection
EndGlobal
